{
  "nodes": {
    "flakeNimbleLib": {
      "inputs": {
        "nixpkgs": [
          "nixpkgs"
        ]
      },
      "locked": {
        "lastModified": 1662018438,
        "narHash": "sha256-QtNtU6+LX3Wokxf0zlFwKTFOcn6TeDjKQZ+DA9OYtvM=",
        "owner": "riinr",
        "repo": "nim-flakes-lib",
        "rev": "b1fe8340736e3a85d25c709ac3dfd82a55c03cbf",
        "type": "github"
      },
      "original": {
        "owner": "riinr",
        "ref": "master",
        "repo": "nim-flakes-lib",
        "type": "github"
      }
    },
    "lrparser-master": {
      "inputs": {
        "flakeNimbleLib": [
          "flakeNimbleLib"
        ],
        "nixpkgs": [
          "nixpkgs"
        ],
        "src-lrparser-master": "src-lrparser-master"
      },
      "locked": {
        "dir": "master",
        "lastModified": 1662254591,
        "narHash": "sha256-yh4d3AmJxQbBfllQD1dl+p3NPn6JdTXaz//mTo1zQ3Y=",
        "owner": "nim-nix-pkgs",
        "repo": "lrparser",
        "rev": "ae05a7fac14372775c336e627dcb78c78b94107f",
        "type": "github"
      },
      "original": {
        "dir": "master",
        "owner": "nim-nix-pkgs",
        "ref": "master",
        "repo": "lrparser",
        "type": "github"
      }
    },
    "nixpkgs": {
      "locked": {
        "lastModified": 1667110639,
        "narHash": "sha256-4FbPESZ5LbqQxkJJJBAfk/zKgF9h/4kyUwjjpJwYlbc=",
        "owner": "NixOS",
        "repo": "nixpkgs",
        "rev": "f38a1f04d1bec1feb61fd101a0539ae2002a7087",
        "type": "github"
      },
      "original": {
        "id": "nixpkgs",
        "type": "indirect"
      }
    },
    "root": {
      "inputs": {
        "flakeNimbleLib": "flakeNimbleLib",
        "lrparser-master": "lrparser-master",
        "nixpkgs": "nixpkgs"
      }
    },
    "src-lrparser-master": {
      "flake": false,
      "locked": {
        "lastModified": 1642807803,
        "narHash": "sha256-lTbtT6UO4MVy6KR6yaNgmXMfImZToUJ0KAbvQI5kEgo=",
        "owner": "vanyle",
        "repo": "lrparser",
        "rev": "3287bfdaca7beaff8f9009a2e6c3b660694cc2d7",
        "type": "github"
      },
      "original": {
        "owner": "vanyle",
        "ref": "refs/heads/master",
        "repo": "lrparser",
        "type": "github"
      }
    }
  },
  "root": "root",
  "version": 7
}
